// !$*UTF8*$!
{
	archiveVersion = 1;
	classes = {
	};
	objectVersion = 50;
	objects = {

/* Begin PBXBuildFile section */
		4BE92FA7EE6AF1D622F8EFB3 /* Pods_GachonNoti.framework in Frameworks */ = {isa = PBXBuildFile; fileRef = 7B8AFDC350F255A5D1B89B1D /* Pods_GachonNoti.framework */; };
		9E4CF9EE6DA47DE6FD71FC39 /* Pods_GachonNotiTests.framework in Frameworks */ = {isa = PBXBuildFile; fileRef = 51202F3BBA32F3800125DA7B /* Pods_GachonNotiTests.framework */; };
		C8E421A78AE3EC525153C9FB /* Pods_GachonNotiUITests.framework in Frameworks */ = {isa = PBXBuildFile; fileRef = B8E05A45F827AD526D15D5D6 /* Pods_GachonNotiUITests.framework */; };
		CE48D8D922CC768F00368CD3 /* findTableXML.swift in Sources */ = {isa = PBXBuildFile; fileRef = CE48D8D822CC768F00368CD3 /* findTableXML.swift */; };
		CE48D8DC22CCAFC000368CD3 /* notfound.json in Resources */ = {isa = PBXBuildFile; fileRef = CE48D8DB22CCAFC000368CD3 /* notfound.json */; };
		CE576A8422C0D8B400E1BA5B /* requestHTTP.swift in Sources */ = {isa = PBXBuildFile; fileRef = CE576A8322C0D8B400E1BA5B /* requestHTTP.swift */; };
		CE576A8722C0F2BE00E1BA5B /* mainDetail.swift in Sources */ = {isa = PBXBuildFile; fileRef = CE576A8622C0F2BE00E1BA5B /* mainDetail.swift */; };
		CE576A8922C0F2CF00E1BA5B /* mainDetailPresenter.swift in Sources */ = {isa = PBXBuildFile; fileRef = CE576A8822C0F2CF00E1BA5B /* mainDetailPresenter.swift */; };
		CE576A8B22C0F7C600E1BA5B /* strFunc.swift in Sources */ = {isa = PBXBuildFile; fileRef = CE576A8A22C0F7C600E1BA5B /* strFunc.swift */; };
		CEAEE50B22C39D2500DDECF1 /* setting.swift in Sources */ = {isa = PBXBuildFile; fileRef = CEAEE50A22C39D2500DDECF1 /* setting.swift */; };
		CEAEE50D22C39D3000DDECF1 /* settingPresenter.swift in Sources */ = {isa = PBXBuildFile; fileRef = CEAEE50C22C39D3000DDECF1 /* settingPresenter.swift */; };
		CEAEE51122C9E0F300DDECF1 /* timeTable.swift in Sources */ = {isa = PBXBuildFile; fileRef = CEAEE50F22C9E0F300DDECF1 /* timeTable.swift */; };
		CEAEE51222C9E0F300DDECF1 /* timeTable.Presenter.swift in Sources */ = {isa = PBXBuildFile; fileRef = CEAEE51022C9E0F300DDECF1 /* timeTable.Presenter.swift */; };
		CEAEE51422CA325D00DDECF1 /* findBuildingXML.swift in Sources */ = {isa = PBXBuildFile; fileRef = CEAEE51322CA325D00DDECF1 /* findBuildingXML.swift */; };
		CEC3DDB522BFD5EE00230441 /* maintable.swift in Sources */ = {isa = PBXBuildFile; fileRef = CEC3DDB322BFD5EE00230441 /* maintable.swift */; };
		CEC3DDB622BFD5EE00230441 /* maintablePresenter.swift in Sources */ = {isa = PBXBuildFile; fileRef = CEC3DDB422BFD5EE00230441 /* maintablePresenter.swift */; };
		CEFB9D8622BF899000D685DC /* AppDelegate.swift in Sources */ = {isa = PBXBuildFile; fileRef = CEFB9D8522BF899000D685DC /* AppDelegate.swift */; };
		CEFB9D8D22BF899000D685DC /* Main.storyboard in Resources */ = {isa = PBXBuildFile; fileRef = CEFB9D8B22BF899000D685DC /* Main.storyboard */; };
		CEFB9D8F22BF899300D685DC /* Assets.xcassets in Resources */ = {isa = PBXBuildFile; fileRef = CEFB9D8E22BF899300D685DC /* Assets.xcassets */; };
		CEFB9D9222BF899300D685DC /* LaunchScreen.storyboard in Resources */ = {isa = PBXBuildFile; fileRef = CEFB9D9022BF899300D685DC /* LaunchScreen.storyboard */; };
		CEFB9D9D22BF899300D685DC /* GachonNotiTests.swift in Sources */ = {isa = PBXBuildFile; fileRef = CEFB9D9C22BF899300D685DC /* GachonNotiTests.swift */; };
		CEFB9DA822BF899400D685DC /* GachonNotiUITests.swift in Sources */ = {isa = PBXBuildFile; fileRef = CEFB9DA722BF899400D685DC /* GachonNotiUITests.swift */; };
		CEFB9DB622BF8AAB00D685DC /* GoogleService-Info.plist in Resources */ = {isa = PBXBuildFile; fileRef = CEFB9DB522BF8AAB00D685DC /* GoogleService-Info.plist */; };
/* End PBXBuildFile section */

/* Begin PBXContainerItemProxy section */
		CEFB9D9922BF899300D685DC /* PBXContainerItemProxy */ = {
			isa = PBXContainerItemProxy;
			containerPortal = CEFB9D7A22BF899000D685DC /* Project object */;
			proxyType = 1;
			remoteGlobalIDString = CEFB9D8122BF899000D685DC;
			remoteInfo = GachonNoti;
		};
		CEFB9DA422BF899300D685DC /* PBXContainerItemProxy */ = {
			isa = PBXContainerItemProxy;
			containerPortal = CEFB9D7A22BF899000D685DC /* Project object */;
			proxyType = 1;
			remoteGlobalIDString = CEFB9D8122BF899000D685DC;
			remoteInfo = GachonNoti;
		};
/* End PBXContainerItemProxy section */

/* Begin PBXFileReference section */
		370D9F07C353819D097D9207 /* Pods-GachonNotiUITests.debug.xcconfig */ = {isa = PBXFileReference; includeInIndex = 1; lastKnownFileType = text.xcconfig; name = "Pods-GachonNotiUITests.debug.xcconfig"; path = "Pods/Target Support Files/Pods-GachonNotiUITests/Pods-GachonNotiUITests.debug.xcconfig"; sourceTree = "<group>"; };
		3AA4967124002D87A02CBDC2 /* Pods-GachonNoti.release.xcconfig */ = {isa = PBXFileReference; includeInIndex = 1; lastKnownFileType = text.xcconfig; name = "Pods-GachonNoti.release.xcconfig"; path = "Pods/Target Support Files/Pods-GachonNoti/Pods-GachonNoti.release.xcconfig"; sourceTree = "<group>"; };
		3C8BF745723F9436616A5B5A /* Pods-GachonNotiTests.debug.xcconfig */ = {isa = PBXFileReference; includeInIndex = 1; lastKnownFileType = text.xcconfig; name = "Pods-GachonNotiTests.debug.xcconfig"; path = "Pods/Target Support Files/Pods-GachonNotiTests/Pods-GachonNotiTests.debug.xcconfig"; sourceTree = "<group>"; };
		51202F3BBA32F3800125DA7B /* Pods_GachonNotiTests.framework */ = {isa = PBXFileReference; explicitFileType = wrapper.framework; includeInIndex = 0; path = Pods_GachonNotiTests.framework; sourceTree = BUILT_PRODUCTS_DIR; };
		7B8AFDC350F255A5D1B89B1D /* Pods_GachonNoti.framework */ = {isa = PBXFileReference; explicitFileType = wrapper.framework; includeInIndex = 0; path = Pods_GachonNoti.framework; sourceTree = BUILT_PRODUCTS_DIR; };
		B8E05A45F827AD526D15D5D6 /* Pods_GachonNotiUITests.framework */ = {isa = PBXFileReference; explicitFileType = wrapper.framework; includeInIndex = 0; path = Pods_GachonNotiUITests.framework; sourceTree = BUILT_PRODUCTS_DIR; };
		CD20B9307C16596F90365ACA /* Pods-GachonNotiUITests.release.xcconfig */ = {isa = PBXFileReference; includeInIndex = 1; lastKnownFileType = text.xcconfig; name = "Pods-GachonNotiUITests.release.xcconfig"; path = "Pods/Target Support Files/Pods-GachonNotiUITests/Pods-GachonNotiUITests.release.xcconfig"; sourceTree = "<group>"; };
		CE48D8D822CC768F00368CD3 /* findTableXML.swift */ = {isa = PBXFileReference; fileEncoding = 4; lastKnownFileType = sourcecode.swift; path = findTableXML.swift; sourceTree = "<group>"; };
		CE48D8DB22CCAFC000368CD3 /* notfound.json */ = {isa = PBXFileReference; fileEncoding = 4; lastKnownFileType = text.json; path = notfound.json; sourceTree = "<group>"; };
		CE576A8322C0D8B400E1BA5B /* requestHTTP.swift */ = {isa = PBXFileReference; fileEncoding = 4; lastKnownFileType = sourcecode.swift; path = requestHTTP.swift; sourceTree = "<group>"; };
		CE576A8622C0F2BE00E1BA5B /* mainDetail.swift */ = {isa = PBXFileReference; lastKnownFileType = sourcecode.swift; path = mainDetail.swift; sourceTree = "<group>"; };
		CE576A8822C0F2CF00E1BA5B /* mainDetailPresenter.swift */ = {isa = PBXFileReference; lastKnownFileType = sourcecode.swift; path = mainDetailPresenter.swift; sourceTree = "<group>"; };
		CE576A8A22C0F7C600E1BA5B /* strFunc.swift */ = {isa = PBXFileReference; lastKnownFileType = sourcecode.swift; path = strFunc.swift; sourceTree = "<group>"; };
		CEAEE50A22C39D2500DDECF1 /* setting.swift */ = {isa = PBXFileReference; lastKnownFileType = sourcecode.swift; path = setting.swift; sourceTree = "<group>"; };
		CEAEE50C22C39D3000DDECF1 /* settingPresenter.swift */ = {isa = PBXFileReference; lastKnownFileType = sourcecode.swift; path = settingPresenter.swift; sourceTree = "<group>"; };
		CEAEE50F22C9E0F300DDECF1 /* timeTable.swift */ = {isa = PBXFileReference; fileEncoding = 4; lastKnownFileType = sourcecode.swift; path = timeTable.swift; sourceTree = "<group>"; };
		CEAEE51022C9E0F300DDECF1 /* timeTable.Presenter.swift */ = {isa = PBXFileReference; fileEncoding = 4; lastKnownFileType = sourcecode.swift; path = timeTable.Presenter.swift; sourceTree = "<group>"; };
		CEAEE51322CA325D00DDECF1 /* findBuildingXML.swift */ = {isa = PBXFileReference; lastKnownFileType = sourcecode.swift; path = findBuildingXML.swift; sourceTree = "<group>"; };
		CEC3DDB322BFD5EE00230441 /* maintable.swift */ = {isa = PBXFileReference; fileEncoding = 4; lastKnownFileType = sourcecode.swift; path = maintable.swift; sourceTree = "<group>"; };
		CEC3DDB422BFD5EE00230441 /* maintablePresenter.swift */ = {isa = PBXFileReference; fileEncoding = 4; lastKnownFileType = sourcecode.swift; path = maintablePresenter.swift; sourceTree = "<group>"; };
		CEFB9D8222BF899000D685DC /* GachonNoti.app */ = {isa = PBXFileReference; explicitFileType = wrapper.application; includeInIndex = 0; path = GachonNoti.app; sourceTree = BUILT_PRODUCTS_DIR; };
		CEFB9D8522BF899000D685DC /* AppDelegate.swift */ = {isa = PBXFileReference; lastKnownFileType = sourcecode.swift; path = AppDelegate.swift; sourceTree = "<group>"; };
		CEFB9D8C22BF899000D685DC /* Base */ = {isa = PBXFileReference; lastKnownFileType = file.storyboard; name = Base; path = Base.lproj/Main.storyboard; sourceTree = "<group>"; };
		CEFB9D8E22BF899300D685DC /* Assets.xcassets */ = {isa = PBXFileReference; lastKnownFileType = folder.assetcatalog; path = Assets.xcassets; sourceTree = "<group>"; };
		CEFB9D9122BF899300D685DC /* Base */ = {isa = PBXFileReference; lastKnownFileType = file.storyboard; name = Base; path = Base.lproj/LaunchScreen.storyboard; sourceTree = "<group>"; };
		CEFB9D9322BF899300D685DC /* Info.plist */ = {isa = PBXFileReference; lastKnownFileType = text.plist.xml; path = Info.plist; sourceTree = "<group>"; };
		CEFB9D9822BF899300D685DC /* GachonNotiTests.xctest */ = {isa = PBXFileReference; explicitFileType = wrapper.cfbundle; includeInIndex = 0; path = GachonNotiTests.xctest; sourceTree = BUILT_PRODUCTS_DIR; };
		CEFB9D9C22BF899300D685DC /* GachonNotiTests.swift */ = {isa = PBXFileReference; lastKnownFileType = sourcecode.swift; path = GachonNotiTests.swift; sourceTree = "<group>"; };
		CEFB9D9E22BF899300D685DC /* Info.plist */ = {isa = PBXFileReference; lastKnownFileType = text.plist.xml; path = Info.plist; sourceTree = "<group>"; };
		CEFB9DA322BF899300D685DC /* GachonNotiUITests.xctest */ = {isa = PBXFileReference; explicitFileType = wrapper.cfbundle; includeInIndex = 0; path = GachonNotiUITests.xctest; sourceTree = BUILT_PRODUCTS_DIR; };
		CEFB9DA722BF899400D685DC /* GachonNotiUITests.swift */ = {isa = PBXFileReference; lastKnownFileType = sourcecode.swift; path = GachonNotiUITests.swift; sourceTree = "<group>"; };
		CEFB9DA922BF899400D685DC /* Info.plist */ = {isa = PBXFileReference; lastKnownFileType = text.plist.xml; path = Info.plist; sourceTree = "<group>"; };
		CEFB9DB522BF8AAB00D685DC /* GoogleService-Info.plist */ = {isa = PBXFileReference; fileEncoding = 4; lastKnownFileType = text.plist.xml; path = "GoogleService-Info.plist"; sourceTree = "<group>"; };
		CEFB9DB722BF8CCF00D685DC /* GachonNoti.entitlements */ = {isa = PBXFileReference; lastKnownFileType = text.plist.entitlements; path = GachonNoti.entitlements; sourceTree = "<group>"; };
		D805E3AB9D152D92B84EEDBC /* Pods-GachonNoti.debug.xcconfig */ = {isa = PBXFileReference; includeInIndex = 1; lastKnownFileType = text.xcconfig; name = "Pods-GachonNoti.debug.xcconfig"; path = "Pods/Target Support Files/Pods-GachonNoti/Pods-GachonNoti.debug.xcconfig"; sourceTree = "<group>"; };
		FF7E5DEC6E8710A6F8EEFBE1 /* Pods-GachonNotiTests.release.xcconfig */ = {isa = PBXFileReference; includeInIndex = 1; lastKnownFileType = text.xcconfig; name = "Pods-GachonNotiTests.release.xcconfig"; path = "Pods/Target Support Files/Pods-GachonNotiTests/Pods-GachonNotiTests.release.xcconfig"; sourceTree = "<group>"; };
/* End PBXFileReference section */

/* Begin PBXFrameworksBuildPhase section */
		CEFB9D7F22BF899000D685DC /* Frameworks */ = {
			isa = PBXFrameworksBuildPhase;
			buildActionMask = 2147483647;
			files = (
				4BE92FA7EE6AF1D622F8EFB3 /* Pods_GachonNoti.framework in Frameworks */,
			);
			runOnlyForDeploymentPostprocessing = 0;
		};
		CEFB9D9522BF899300D685DC /* Frameworks */ = {
			isa = PBXFrameworksBuildPhase;
			buildActionMask = 2147483647;
			files = (
				9E4CF9EE6DA47DE6FD71FC39 /* Pods_GachonNotiTests.framework in Frameworks */,
			);
			runOnlyForDeploymentPostprocessing = 0;
		};
		CEFB9DA022BF899300D685DC /* Frameworks */ = {
			isa = PBXFrameworksBuildPhase;
			buildActionMask = 2147483647;
			files = (
				C8E421A78AE3EC525153C9FB /* Pods_GachonNotiUITests.framework in Frameworks */,
			);
			runOnlyForDeploymentPostprocessing = 0;
		};
/* End PBXFrameworksBuildPhase section */

/* Begin PBXGroup section */
		155D98B605ACEB85B40BC620 /* Frameworks */ = {
			isa = PBXGroup;
			children = (
				7B8AFDC350F255A5D1B89B1D /* Pods_GachonNoti.framework */,
				51202F3BBA32F3800125DA7B /* Pods_GachonNotiTests.framework */,
				B8E05A45F827AD526D15D5D6 /* Pods_GachonNotiUITests.framework */,
			);
			name = Frameworks;
			sourceTree = "<group>";
		};
		1D21182A9268A177F55EF8F1 /* Pods */ = {
			isa = PBXGroup;
			children = (
				D805E3AB9D152D92B84EEDBC /* Pods-GachonNoti.debug.xcconfig */,
				3AA4967124002D87A02CBDC2 /* Pods-GachonNoti.release.xcconfig */,
				3C8BF745723F9436616A5B5A /* Pods-GachonNotiTests.debug.xcconfig */,
				FF7E5DEC6E8710A6F8EEFBE1 /* Pods-GachonNotiTests.release.xcconfig */,
				370D9F07C353819D097D9207 /* Pods-GachonNotiUITests.debug.xcconfig */,
				CD20B9307C16596F90365ACA /* Pods-GachonNotiUITests.release.xcconfig */,
			);
			name = Pods;
			sourceTree = "<group>";
		};
		CE48D8DA22CCAFB300368CD3 /* anim */ = {
			isa = PBXGroup;
			children = (
			);
			path = anim;
			sourceTree = "<group>";
		};
		CE576A8522C0F2A900E1BA5B /* mainDetail */ = {
			isa = PBXGroup;
			children = (
				CE576A8622C0F2BE00E1BA5B /* mainDetail.swift */,
				CE576A8822C0F2CF00E1BA5B /* mainDetailPresenter.swift */,
			);
			path = mainDetail;
			sourceTree = "<group>";
		};
		CEAEE50E22C9E06C00DDECF1 /* timeTable */ = {
			isa = PBXGroup;
			children = (
				CEAEE50F22C9E0F300DDECF1 /* timeTable.swift */,
				CEAEE51022C9E0F300DDECF1 /* timeTable.Presenter.swift */,
				CEAEE51322CA325D00DDECF1 /* findBuildingXML.swift */,
				CE48D8D822CC768F00368CD3 /* findTableXML.swift */,
			);
			path = timeTable;
			sourceTree = "<group>";
		};
		CEC3DDAD22BFCE0100230441 /* main */ = {
			isa = PBXGroup;
			children = (
				CEC3DDB322BFD5EE00230441 /* maintable.swift */,
				CEC3DDB422BFD5EE00230441 /* maintablePresenter.swift */,
			);
			path = main;
			sourceTree = "<group>";
		};
		CEC3DDAE22BFCE0F00230441 /* setting */ = {
			isa = PBXGroup;
			children = (
				CEAEE50A22C39D2500DDECF1 /* setting.swift */,
				CEAEE50C22C39D3000DDECF1 /* settingPresenter.swift */,
			);
			path = setting;
			sourceTree = "<group>";
		};
		CEFB9D7922BF899000D685DC = {
			isa = PBXGroup;
			children = (
				CE48D8DA22CCAFB300368CD3 /* anim */,
				CEFB9D8422BF899000D685DC /* GachonNoti */,
				CEFB9D9B22BF899300D685DC /* GachonNotiTests */,
				CEFB9DA622BF899400D685DC /* GachonNotiUITests */,
				CEFB9D8322BF899000D685DC /* Products */,
				1D21182A9268A177F55EF8F1 /* Pods */,
				155D98B605ACEB85B40BC620 /* Frameworks */,
			);
			sourceTree = "<group>";
		};
		CEFB9D8322BF899000D685DC /* Products */ = {
			isa = PBXGroup;
			children = (
				CEFB9D8222BF899000D685DC /* GachonNoti.app */,
				CEFB9D9822BF899300D685DC /* GachonNotiTests.xctest */,
				CEFB9DA322BF899300D685DC /* GachonNotiUITests.xctest */,
			);
			name = Products;
			sourceTree = "<group>";
		};
		CEFB9D8422BF899000D685DC /* GachonNoti */ = {
			isa = PBXGroup;
			children = (
				CE576A8A22C0F7C600E1BA5B /* strFunc.swift */,
				CE576A8322C0D8B400E1BA5B /* requestHTTP.swift */,
				CEAEE50E22C9E06C00DDECF1 /* timeTable */,
				CEC3DDAE22BFCE0F00230441 /* setting */,
				CE576A8522C0F2A900E1BA5B /* mainDetail */,
				CEC3DDAD22BFCE0100230441 /* main */,
				CEFB9DB722BF8CCF00D685DC /* GachonNoti.entitlements */,
				CEFB9DB522BF8AAB00D685DC /* GoogleService-Info.plist */,
				CE48D8DB22CCAFC000368CD3 /* notfound.json */,
				CEFB9D8522BF899000D685DC /* AppDelegate.swift */,
				CEFB9D8B22BF899000D685DC /* Main.storyboard */,
				CEFB9D8E22BF899300D685DC /* Assets.xcassets */,
				CEFB9D9022BF899300D685DC /* LaunchScreen.storyboard */,
				CEFB9D9322BF899300D685DC /* Info.plist */,
			);
			path = GachonNoti;
			sourceTree = "<group>";
		};
		CEFB9D9B22BF899300D685DC /* GachonNotiTests */ = {
			isa = PBXGroup;
			children = (
				CEFB9D9C22BF899300D685DC /* GachonNotiTests.swift */,
				CEFB9D9E22BF899300D685DC /* Info.plist */,
			);
			path = GachonNotiTests;
			sourceTree = "<group>";
		};
		CEFB9DA622BF899400D685DC /* GachonNotiUITests */ = {
			isa = PBXGroup;
			children = (
				CEFB9DA722BF899400D685DC /* GachonNotiUITests.swift */,
				CEFB9DA922BF899400D685DC /* Info.plist */,
			);
			path = GachonNotiUITests;
			sourceTree = "<group>";
		};
/* End PBXGroup section */

/* Begin PBXNativeTarget section */
		CEFB9D8122BF899000D685DC /* GachonNoti */ = {
			isa = PBXNativeTarget;
			buildConfigurationList = CEFB9DAC22BF899400D685DC /* Build configuration list for PBXNativeTarget "GachonNoti" */;
			buildPhases = (
				687A576DA3C9B113D16C5401 /* [CP] Check Pods Manifest.lock */,
				CEFB9D7E22BF899000D685DC /* Sources */,
				CEFB9D7F22BF899000D685DC /* Frameworks */,
				CEFB9D8022BF899000D685DC /* Resources */,
				394838647E6BBDA77C44729A /* [CP] Embed Pods Frameworks */,
			);
			buildRules = (
			);
			dependencies = (
			);
			name = GachonNoti;
			productName = GachonNoti;
			productReference = CEFB9D8222BF899000D685DC /* GachonNoti.app */;
			productType = "com.apple.product-type.application";
		};
		CEFB9D9722BF899300D685DC /* GachonNotiTests */ = {
			isa = PBXNativeTarget;
			buildConfigurationList = CEFB9DAF22BF899400D685DC /* Build configuration list for PBXNativeTarget "GachonNotiTests" */;
			buildPhases = (
				4A1808710CD5507937E5AFA3 /* [CP] Check Pods Manifest.lock */,
				CEFB9D9422BF899300D685DC /* Sources */,
				CEFB9D9522BF899300D685DC /* Frameworks */,
				CEFB9D9622BF899300D685DC /* Resources */,
			);
			buildRules = (
			);
			dependencies = (
				CEFB9D9A22BF899300D685DC /* PBXTargetDependency */,
			);
			name = GachonNotiTests;
			productName = GachonNotiTests;
			productReference = CEFB9D9822BF899300D685DC /* GachonNotiTests.xctest */;
			productType = "com.apple.product-type.bundle.unit-test";
		};
		CEFB9DA222BF899300D685DC /* GachonNotiUITests */ = {
			isa = PBXNativeTarget;
			buildConfigurationList = CEFB9DB222BF899400D685DC /* Build configuration list for PBXNativeTarget "GachonNotiUITests" */;
			buildPhases = (
				F5D669EEB3AF9D59DD41F9B4 /* [CP] Check Pods Manifest.lock */,
				CEFB9D9F22BF899300D685DC /* Sources */,
				CEFB9DA022BF899300D685DC /* Frameworks */,
				CEFB9DA122BF899300D685DC /* Resources */,
			);
			buildRules = (
			);
			dependencies = (
				CEFB9DA522BF899300D685DC /* PBXTargetDependency */,
			);
			name = GachonNotiUITests;
			productName = GachonNotiUITests;
			productReference = CEFB9DA322BF899300D685DC /* GachonNotiUITests.xctest */;
			productType = "com.apple.product-type.bundle.ui-testing";
		};
/* End PBXNativeTarget section */

/* Begin PBXProject section */
		CEFB9D7A22BF899000D685DC /* Project object */ = {
			isa = PBXProject;
			attributes = {
				LastSwiftUpdateCheck = 1020;
				LastUpgradeCheck = 1020;
				ORGANIZATIONNAME = Wiffy;
				TargetAttributes = {
					CEFB9D8122BF899000D685DC = {
						CreatedOnToolsVersion = 10.2.1;
						SystemCapabilities = {
							com.apple.Push = {
								enabled = 1;
							};
						};
					};
					CEFB9D9722BF899300D685DC = {
						CreatedOnToolsVersion = 10.2.1;
						TestTargetID = CEFB9D8122BF899000D685DC;
					};
					CEFB9DA222BF899300D685DC = {
						CreatedOnToolsVersion = 10.2.1;
						TestTargetID = CEFB9D8122BF899000D685DC;
					};
				};
			};
			buildConfigurationList = CEFB9D7D22BF899000D685DC /* Build configuration list for PBXProject "GachonNoti" */;
			compatibilityVersion = "Xcode 9.3";
			developmentRegion = en;
			hasScannedForEncodings = 0;
			knownRegions = (
				en,
				Base,
			);
			mainGroup = CEFB9D7922BF899000D685DC;
			productRefGroup = CEFB9D8322BF899000D685DC /* Products */;
			projectDirPath = "";
			projectRoot = "";
			targets = (
				CEFB9D8122BF899000D685DC /* GachonNoti */,
				CEFB9D9722BF899300D685DC /* GachonNotiTests */,
				CEFB9DA222BF899300D685DC /* GachonNotiUITests */,
			);
		};
/* End PBXProject section */

/* Begin PBXResourcesBuildPhase section */
		CEFB9D8022BF899000D685DC /* Resources */ = {
			isa = PBXResourcesBuildPhase;
			buildActionMask = 2147483647;
			files = (
				CEFB9D9222BF899300D685DC /* LaunchScreen.storyboard in Resources */,
				CEFB9DB622BF8AAB00D685DC /* GoogleService-Info.plist in Resources */,
				CE48D8DC22CCAFC000368CD3 /* notfound.json in Resources */,
				CEFB9D8F22BF899300D685DC /* Assets.xcassets in Resources */,
				CEFB9D8D22BF899000D685DC /* Main.storyboard in Resources */,
			);
			runOnlyForDeploymentPostprocessing = 0;
		};
		CEFB9D9622BF899300D685DC /* Resources */ = {
			isa = PBXResourcesBuildPhase;
			buildActionMask = 2147483647;
			files = (
			);
			runOnlyForDeploymentPostprocessing = 0;
		};
		CEFB9DA122BF899300D685DC /* Resources */ = {
			isa = PBXResourcesBuildPhase;
			buildActionMask = 2147483647;
			files = (
			);
			runOnlyForDeploymentPostprocessing = 0;
		};
/* End PBXResourcesBuildPhase section */

/* Begin PBXShellScriptBuildPhase section */
		394838647E6BBDA77C44729A /* [CP] Embed Pods Frameworks */ = {
			isa = PBXShellScriptBuildPhase;
			buildActionMask = 2147483647;
			files = (
			);
			inputFileListPaths = (
			);
			inputPaths = (
				"${SRCROOT}/Pods/Target Support Files/Pods-GachonNoti/Pods-GachonNoti-frameworks.sh",
				"${BUILT_PRODUCTS_DIR}/CurriculaTable/CurriculaTable.framework",
				"${BUILT_PRODUCTS_DIR}/DTZFloatingActionButton/DTZFloatingActionButton.framework",
				"${BUILT_PRODUCTS_DIR}/DynamicBlurView/DynamicBlurView.framework",
				"${BUILT_PRODUCTS_DIR}/GoogleUtilities/GoogleUtilities.framework",
				"${BUILT_PRODUCTS_DIR}/NVActivityIndicatorView/NVActivityIndicatorView.framework",
				"${BUILT_PRODUCTS_DIR}/PopupDialog/PopupDialog.framework",
				"${BUILT_PRODUCTS_DIR}/Protobuf/Protobuf.framework",
				"${BUILT_PRODUCTS_DIR}/PullToRefreshKit/PullToRefreshKit.framework",
				"${BUILT_PRODUCTS_DIR}/SwiftSoup/SwiftSoup.framework",
				"${BUILT_PRODUCTS_DIR}/lottie-ios/Lottie.framework",
				"${BUILT_PRODUCTS_DIR}/nanopb/nanopb.framework",
			);
			name = "[CP] Embed Pods Frameworks";
			outputFileListPaths = (
			);
			outputPaths = (
				"${TARGET_BUILD_DIR}/${FRAMEWORKS_FOLDER_PATH}/CurriculaTable.framework",
				"${TARGET_BUILD_DIR}/${FRAMEWORKS_FOLDER_PATH}/DTZFloatingActionButton.framework",
				"${TARGET_BUILD_DIR}/${FRAMEWORKS_FOLDER_PATH}/DynamicBlurView.framework",
				"${TARGET_BUILD_DIR}/${FRAMEWORKS_FOLDER_PATH}/GoogleUtilities.framework",
				"${TARGET_BUILD_DIR}/${FRAMEWORKS_FOLDER_PATH}/NVActivityIndicatorView.framework",
				"${TARGET_BUILD_DIR}/${FRAMEWORKS_FOLDER_PATH}/PopupDialog.framework",
				"${TARGET_BUILD_DIR}/${FRAMEWORKS_FOLDER_PATH}/Protobuf.framework",
				"${TARGET_BUILD_DIR}/${FRAMEWORKS_FOLDER_PATH}/PullToRefreshKit.framework",
				"${TARGET_BUILD_DIR}/${FRAMEWORKS_FOLDER_PATH}/SwiftSoup.framework",
				"${TARGET_BUILD_DIR}/${FRAMEWORKS_FOLDER_PATH}/Lottie.framework",
				"${TARGET_BUILD_DIR}/${FRAMEWORKS_FOLDER_PATH}/nanopb.framework",
			);
			runOnlyForDeploymentPostprocessing = 0;
			shellPath = /bin/sh;
			shellScript = "\"${SRCROOT}/Pods/Target Support Files/Pods-GachonNoti/Pods-GachonNoti-frameworks.sh\"\n";
			showEnvVarsInLog = 0;
		};
		4A1808710CD5507937E5AFA3 /* [CP] Check Pods Manifest.lock */ = {
			isa = PBXShellScriptBuildPhase;
			buildActionMask = 2147483647;
			files = (
			);
			inputFileListPaths = (
			);
			inputPaths = (
				"${PODS_PODFILE_DIR_PATH}/Podfile.lock",
				"${PODS_ROOT}/Manifest.lock",
			);
			name = "[CP] Check Pods Manifest.lock";
			outputFileListPaths = (
			);
			outputPaths = (
				"$(DERIVED_FILE_DIR)/Pods-GachonNotiTests-checkManifestLockResult.txt",
			);
			runOnlyForDeploymentPostprocessing = 0;
			shellPath = /bin/sh;
			shellScript = "diff \"${PODS_PODFILE_DIR_PATH}/Podfile.lock\" \"${PODS_ROOT}/Manifest.lock\" > /dev/null\nif [ $? != 0 ] ; then\n    # print error to STDERR\n    echo \"error: The sandbox is not in sync with the Podfile.lock. Run 'pod install' or update your CocoaPods installation.\" >&2\n    exit 1\nfi\n# This output is used by Xcode 'outputs' to avoid re-running this script phase.\necho \"SUCCESS\" > \"${SCRIPT_OUTPUT_FILE_0}\"\n";
			showEnvVarsInLog = 0;
		};
		687A576DA3C9B113D16C5401 /* [CP] Check Pods Manifest.lock */ = {
			isa = PBXShellScriptBuildPhase;
			buildActionMask = 2147483647;
			files = (
			);
			inputFileListPaths = (
			);
			inputPaths = (
				"${PODS_PODFILE_DIR_PATH}/Podfile.lock",
				"${PODS_ROOT}/Manifest.lock",
			);
			name = "[CP] Check Pods Manifest.lock";
			outputFileListPaths = (
			);
			outputPaths = (
				"$(DERIVED_FILE_DIR)/Pods-GachonNoti-checkManifestLockResult.txt",
			);
			runOnlyForDeploymentPostprocessing = 0;
			shellPath = /bin/sh;
			shellScript = "diff \"${PODS_PODFILE_DIR_PATH}/Podfile.lock\" \"${PODS_ROOT}/Manifest.lock\" > /dev/null\nif [ $? != 0 ] ; then\n    # print error to STDERR\n    echo \"error: The sandbox is not in sync with the Podfile.lock. Run 'pod install' or update your CocoaPods installation.\" >&2\n    exit 1\nfi\n# This output is used by Xcode 'outputs' to avoid re-running this script phase.\necho \"SUCCESS\" > \"${SCRIPT_OUTPUT_FILE_0}\"\n";
			showEnvVarsInLog = 0;
		};
		F5D669EEB3AF9D59DD41F9B4 /* [CP] Check Pods Manifest.lock */ = {
			isa = PBXShellScriptBuildPhase;
			buildActionMask = 2147483647;
			files = (
			);
			inputFileListPaths = (
			);
			inputPaths = (
				"${PODS_PODFILE_DIR_PATH}/Podfile.lock",
				"${PODS_ROOT}/Manifest.lock",
			);
			name = "[CP] Check Pods Manifest.lock";
			outputFileListPaths = (
			);
			outputPaths = (
				"$(DERIVED_FILE_DIR)/Pods-GachonNotiUITests-checkManifestLockResult.txt",
			);
			runOnlyForDeploymentPostprocessing = 0;
			shellPath = /bin/sh;
			shellScript = "diff \"${PODS_PODFILE_DIR_PATH}/Podfile.lock\" \"${PODS_ROOT}/Manifest.lock\" > /dev/null\nif [ $? != 0 ] ; then\n    # print error to STDERR\n    echo \"error: The sandbox is not in sync with the Podfile.lock. Run 'pod install' or update your CocoaPods installation.\" >&2\n    exit 1\nfi\n# This output is used by Xcode 'outputs' to avoid re-running this script phase.\necho \"SUCCESS\" > \"${SCRIPT_OUTPUT_FILE_0}\"\n";
			showEnvVarsInLog = 0;
		};
/* End PBXShellScriptBuildPhase section */

/* Begin PBXSourcesBuildPhase section */
		CEFB9D7E22BF899000D685DC /* Sources */ = {
			isa = PBXSourcesBuildPhase;
			buildActionMask = 2147483647;
			files = (
				CE576A8722C0F2BE00E1BA5B /* mainDetail.swift in Sources */,
				CE576A8B22C0F7C600E1BA5B /* strFunc.swift in Sources */,
				CEFB9D8622BF899000D685DC /* AppDelegate.swift in Sources */,
				CE576A8422C0D8B400E1BA5B /* requestHTTP.swift in Sources */,
				CE48D8D922CC768F00368CD3 /* findTableXML.swift in Sources */,
				CEAEE51422CA325D00DDECF1 /* findBuildingXML.swift in Sources */,
				CEAEE50D22C39D3000DDECF1 /* settingPresenter.swift in Sources */,
				CEC3DDB622BFD5EE00230441 /* maintablePresenter.swift in Sources */,
				CEAEE51222C9E0F300DDECF1 /* timeTable.Presenter.swift in Sources */,
				CE576A8922C0F2CF00E1BA5B /* mainDetailPresenter.swift in Sources */,
				CEAEE50B22C39D2500DDECF1 /* setting.swift in Sources */,
				CEC3DDB522BFD5EE00230441 /* maintable.swift in Sources */,
				CEAEE51122C9E0F300DDECF1 /* timeTable.swift in Sources */,
			);
			runOnlyForDeploymentPostprocessing = 0;
		};
		CEFB9D9422BF899300D685DC /* Sources */ = {
			isa = PBXSourcesBuildPhase;
			buildActionMask = 2147483647;
			files = (
				CEFB9D9D22BF899300D685DC /* GachonNotiTests.swift in Sources */,
			);
			runOnlyForDeploymentPostprocessing = 0;
		};
		CEFB9D9F22BF899300D685DC /* Sources */ = {
			isa = PBXSourcesBuildPhase;
			buildActionMask = 2147483647;
			files = (
				CEFB9DA822BF899400D685DC /* GachonNotiUITests.swift in Sources */,
			);
			runOnlyForDeploymentPostprocessing = 0;
		};
/* End PBXSourcesBuildPhase section */

/* Begin PBXTargetDependency section */
		CEFB9D9A22BF899300D685DC /* PBXTargetDependency */ = {
			isa = PBXTargetDependency;
			target = CEFB9D8122BF899000D685DC /* GachonNoti */;
			targetProxy = CEFB9D9922BF899300D685DC /* PBXContainerItemProxy */;
		};
		CEFB9DA522BF899300D685DC /* PBXTargetDependency */ = {
			isa = PBXTargetDependency;
			target = CEFB9D8122BF899000D685DC /* GachonNoti */;
			targetProxy = CEFB9DA422BF899300D685DC /* PBXContainerItemProxy */;
		};
/* End PBXTargetDependency section */

/* Begin PBXVariantGroup section */
		CEFB9D8B22BF899000D685DC /* Main.storyboard */ = {
			isa = PBXVariantGroup;
			children = (
				CEFB9D8C22BF899000D685DC /* Base */,
			);
			name = Main.storyboard;
			sourceTree = "<group>";
		};
		CEFB9D9022BF899300D685DC /* LaunchScreen.storyboard */ = {
			isa = PBXVariantGroup;
			children = (
				CEFB9D9122BF899300D685DC /* Base */,
			);
			name = LaunchScreen.storyboard;
			sourceTree = "<group>";
		};
/* End PBXVariantGroup section */

/* Begin XCBuildConfiguration section */
		CEFB9DAA22BF899400D685DC /* Debug */ = {
			isa = XCBuildConfiguration;
			buildSettings = {
				ALWAYS_SEARCH_USER_PATHS = NO;
				CLANG_ANALYZER_NONNULL = YES;
				CLANG_ANALYZER_NUMBER_OBJECT_CONVERSION = YES_AGGRESSIVE;
				CLANG_CXX_LANGUAGE_STANDARD = "gnu++14";
				CLANG_CXX_LIBRARY = "libc++";
				CLANG_ENABLE_MODULES = YES;
				CLANG_ENABLE_OBJC_ARC = YES;
				CLANG_ENABLE_OBJC_WEAK = YES;
				CLANG_WARN_BLOCK_CAPTURE_AUTORELEASING = YES;
				CLANG_WARN_BOOL_CONVERSION = YES;
				CLANG_WARN_COMMA = YES;
				CLANG_WARN_CONSTANT_CONVERSION = YES;
				CLANG_WARN_DEPRECATED_OBJC_IMPLEMENTATIONS = YES;
				CLANG_WARN_DIRECT_OBJC_ISA_USAGE = YES_ERROR;
				CLANG_WARN_DOCUMENTATION_COMMENTS = YES;
				CLANG_WARN_EMPTY_BODY = YES;
				CLANG_WARN_ENUM_CONVERSION = YES;
				CLANG_WARN_INFINITE_RECURSION = YES;
				CLANG_WARN_INT_CONVERSION = YES;
				CLANG_WARN_NON_LITERAL_NULL_CONVERSION = YES;
				CLANG_WARN_OBJC_IMPLICIT_RETAIN_SELF = YES;
				CLANG_WARN_OBJC_LITERAL_CONVERSION = YES;
				CLANG_WARN_OBJC_ROOT_CLASS = YES_ERROR;
				CLANG_WARN_RANGE_LOOP_ANALYSIS = YES;
				CLANG_WARN_STRICT_PROTOTYPES = YES;
				CLANG_WARN_SUSPICIOUS_MOVE = YES;
				CLANG_WARN_UNGUARDED_AVAILABILITY = YES_AGGRESSIVE;
				CLANG_WARN_UNREACHABLE_CODE = YES;
				CLANG_WARN__DUPLICATE_METHOD_MATCH = YES;
				CODE_SIGN_IDENTITY = "iPhone Developer";
				COPY_PHASE_STRIP = NO;
				DEBUG_INFORMATION_FORMAT = dwarf;
				ENABLE_STRICT_OBJC_MSGSEND = YES;
				ENABLE_TESTABILITY = YES;
				GCC_C_LANGUAGE_STANDARD = gnu11;
				GCC_DYNAMIC_NO_PIC = NO;
				GCC_NO_COMMON_BLOCKS = YES;
				GCC_OPTIMIZATION_LEVEL = 0;
				GCC_PREPROCESSOR_DEFINITIONS = (
					"DEBUG=1",
					"$(inherited)",
				);
				GCC_WARN_64_TO_32_BIT_CONVERSION = YES;
				GCC_WARN_ABOUT_RETURN_TYPE = YES_ERROR;
				GCC_WARN_UNDECLARED_SELECTOR = YES;
				GCC_WARN_UNINITIALIZED_AUTOS = YES_AGGRESSIVE;
				GCC_WARN_UNUSED_FUNCTION = YES;
				GCC_WARN_UNUSED_VARIABLE = YES;
				IPHONEOS_DEPLOYMENT_TARGET = 12.2;
				MTL_ENABLE_DEBUG_INFO = INCLUDE_SOURCE;
				MTL_FAST_MATH = YES;
				ONLY_ACTIVE_ARCH = YES;
				SDKROOT = iphoneos;
				SWIFT_ACTIVE_COMPILATION_CONDITIONS = DEBUG;
				SWIFT_OPTIMIZATION_LEVEL = "-Onone";
			};
			name = Debug;
		};
		CEFB9DAB22BF899400D685DC /* Release */ = {
			isa = XCBuildConfiguration;
			buildSettings = {
				ALWAYS_SEARCH_USER_PATHS = NO;
				CLANG_ANALYZER_NONNULL = YES;
				CLANG_ANALYZER_NUMBER_OBJECT_CONVERSION = YES_AGGRESSIVE;
				CLANG_CXX_LANGUAGE_STANDARD = "gnu++14";
				CLANG_CXX_LIBRARY = "libc++";
				CLANG_ENABLE_MODULES = YES;
				CLANG_ENABLE_OBJC_ARC = YES;
				CLANG_ENABLE_OBJC_WEAK = YES;
				CLANG_WARN_BLOCK_CAPTURE_AUTORELEASING = YES;
				CLANG_WARN_BOOL_CONVERSION = YES;
				CLANG_WARN_COMMA = YES;
				CLANG_WARN_CONSTANT_CONVERSION = YES;
				CLANG_WARN_DEPRECATED_OBJC_IMPLEMENTATIONS = YES;
				CLANG_WARN_DIRECT_OBJC_ISA_USAGE = YES_ERROR;
				CLANG_WARN_DOCUMENTATION_COMMENTS = YES;
				CLANG_WARN_EMPTY_BODY = YES;
				CLANG_WARN_ENUM_CONVERSION = YES;
				CLANG_WARN_INFINITE_RECURSION = YES;
				CLANG_WARN_INT_CONVERSION = YES;
				CLANG_WARN_NON_LITERAL_NULL_CONVERSION = YES;
				CLANG_WARN_OBJC_IMPLICIT_RETAIN_SELF = YES;
				CLANG_WARN_OBJC_LITERAL_CONVERSION = YES;
				CLANG_WARN_OBJC_ROOT_CLASS = YES_ERROR;
				CLANG_WARN_RANGE_LOOP_ANALYSIS = YES;
				CLANG_WARN_STRICT_PROTOTYPES = YES;
				CLANG_WARN_SUSPICIOUS_MOVE = YES;
				CLANG_WARN_UNGUARDED_AVAILABILITY = YES_AGGRESSIVE;
				CLANG_WARN_UNREACHABLE_CODE = YES;
				CLANG_WARN__DUPLICATE_METHOD_MATCH = YES;
				CODE_SIGN_IDENTITY = "iPhone Developer";
				COPY_PHASE_STRIP = NO;
				DEBUG_INFORMATION_FORMAT = "dwarf-with-dsym";
				ENABLE_NS_ASSERTIONS = NO;
				ENABLE_STRICT_OBJC_MSGSEND = YES;
				GCC_C_LANGUAGE_STANDARD = gnu11;
				GCC_NO_COMMON_BLOCKS = YES;
				GCC_WARN_64_TO_32_BIT_CONVERSION = YES;
				GCC_WARN_ABOUT_RETURN_TYPE = YES_ERROR;
				GCC_WARN_UNDECLARED_SELECTOR = YES;
				GCC_WARN_UNINITIALIZED_AUTOS = YES_AGGRESSIVE;
				GCC_WARN_UNUSED_FUNCTION = YES;
				GCC_WARN_UNUSED_VARIABLE = YES;
				IPHONEOS_DEPLOYMENT_TARGET = 12.2;
				MTL_ENABLE_DEBUG_INFO = NO;
				MTL_FAST_MATH = YES;
				SDKROOT = iphoneos;
				SWIFT_COMPILATION_MODE = wholemodule;
				SWIFT_OPTIMIZATION_LEVEL = "-O";
				VALIDATE_PRODUCT = YES;
			};
			name = Release;
		};
		CEFB9DAD22BF899400D685DC /* Debug */ = {
			isa = XCBuildConfiguration;
			baseConfigurationReference = D805E3AB9D152D92B84EEDBC /* Pods-GachonNoti.debug.xcconfig */;
			buildSettings = {
				ASSETCATALOG_COMPILER_APPICON_NAME = AppIcon;
				CODE_SIGN_ENTITLEMENTS = GachonNoti/GachonNoti.entitlements;
				CODE_SIGN_STYLE = Automatic;
				DEVELOPMENT_TEAM = V8NQD3S88F;
				INFOPLIST_FILE = GachonNoti/Info.plist;
				LD_RUNPATH_SEARCH_PATHS = (
					"$(inherited)",
					"@executable_path/Frameworks",
				);
				PRODUCT_BUNDLE_IDENTIFIER = io.wiffy.GachonNoti;
				PRODUCT_NAME = "$(TARGET_NAME)";
				SWIFT_VERSION = 5.0;
				TARGETED_DEVICE_FAMILY = "1,2";
			};
			name = Debug;
		};
		CEFB9DAE22BF899400D685DC /* Release */ = {
			isa = XCBuildConfiguration;
			baseConfigurationReference = 3AA4967124002D87A02CBDC2 /* Pods-GachonNoti.release.xcconfig */;
			buildSettings = {
				ASSETCATALOG_COMPILER_APPICON_NAME = AppIcon;
				CODE_SIGN_ENTITLEMENTS = GachonNoti/GachonNoti.entitlements;
				CODE_SIGN_STYLE = Automatic;
				DEVELOPMENT_TEAM = V8NQD3S88F;
				INFOPLIST_FILE = GachonNoti/Info.plist;
				LD_RUNPATH_SEARCH_PATHS = (
					"$(inherited)",
					"@executable_path/Frameworks",
				);
				PRODUCT_BUNDLE_IDENTIFIER = io.wiffy.GachonNoti;
				PRODUCT_NAME = "$(TARGET_NAME)";
				SWIFT_VERSION = 5.0;
				TARGETED_DEVICE_FAMILY = "1,2";
			};
			name = Release;
		};
		CEFB9DB022BF899400D685DC /* Debug */ = {
			isa = XCBuildConfiguration;
			baseConfigurationReference = 3C8BF745723F9436616A5B5A /* Pods-GachonNotiTests.debug.xcconfig */;
			buildSettings = {
				ALWAYS_EMBED_SWIFT_STANDARD_LIBRARIES = YES;
				BUNDLE_LOADER = "$(TEST_HOST)";
				CODE_SIGN_STYLE = Automatic;
				DEVELOPMENT_TEAM = V8NQD3S88F;
				INFOPLIST_FILE = GachonNotiTests/Info.plist;
				LD_RUNPATH_SEARCH_PATHS = (
					"$(inherited)",
					"@executable_path/Frameworks",
					"@loader_path/Frameworks",
				);
				PRODUCT_BUNDLE_IDENTIFIER = io.wiffy.GachonNotiTests;
				PRODUCT_NAME = "$(TARGET_NAME)";
				SWIFT_VERSION = 5.0;
				TARGETED_DEVICE_FAMILY = "1,2";
				TEST_HOST = "$(BUILT_PRODUCTS_DIR)/GachonNoti.app/GachonNoti";
			};
			name = Debug;
		};
		CEFB9DB122BF899400D685DC /* Release */ = {
			isa = XCBuildConfiguration;
			baseConfigurationReference = FF7E5DEC6E8710A6F8EEFBE1 /* Pods-GachonNotiTests.release.xcconfig */;
			buildSettings = {
				ALWAYS_EMBED_SWIFT_STANDARD_LIBRARIES = YES;
				BUNDLE_LOADER = "$(TEST_HOST)";
				CODE_SIGN_STYLE = Automatic;
				DEVELOPMENT_TEAM = V8NQD3S88F;
				INFOPLIST_FILE = GachonNotiTests/Info.plist;
				LD_RUNPATH_SEARCH_PATHS = (
					"$(inherited)",
					"@executable_path/Frameworks",
					"@loader_path/Frameworks",
				);
				PRODUCT_BUNDLE_IDENTIFIER = io.wiffy.GachonNotiTests;
				PRODUCT_NAME = "$(TARGET_NAME)";
				SWIFT_VERSION = 5.0;
				TARGETED_DEVICE_FAMILY = "1,2";
				TEST_HOST = "$(BUILT_PRODUCTS_DIR)/GachonNoti.app/GachonNoti";
			};
			name = Release;
		};
		CEFB9DB322BF899400D685DC /* Debug */ = {
			isa = XCBuildConfiguration;
			baseConfigurationReference = 370D9F07C353819D097D9207 /* Pods-GachonNotiUITests.debug.xcconfig */;
			buildSettings = {
				ALWAYS_EMBED_SWIFT_STANDARD_LIBRARIES = YES;
				CODE_SIGN_STYLE = Automatic;
				DEVELOPMENT_TEAM = V8NQD3S88F;
				INFOPLIST_FILE = GachonNotiUITests/Info.plist;
				LD_RUNPATH_SEARCH_PATHS = (
					"$(inherited)",
					"@executable_path/Frameworks",
					"@loader_path/Frameworks",
				);
				PRODUCT_BUNDLE_IDENTIFIER = io.wiffy.GachonNotiUITests;
				PRODUCT_NAME = "$(TARGET_NAME)";
				SWIFT_VERSION = 5.0;
				TARGETED_DEVICE_FAMILY = "1,2";
				TEST_TARGET_NAME = GachonNoti;
			};
			name = Debug;
		};
		CEFB9DB422BF899400D685DC /* Release */ = {
			isa = XCBuildConfiguration;
			baseConfigurationReference = CD20B9307C16596F90365ACA /* Pods-GachonNotiUITests.release.xcconfig */;
			buildSettings = {
				ALWAYS_EMBED_SWIFT_STANDARD_LIBRARIES = YES;
				CODE_SIGN_STYLE = Automatic;
				DEVELOPMENT_TEAM = V8NQD3S88F;
				INFOPLIST_FILE = GachonNotiUITests/Info.plist;
				LD_RUNPATH_SEARCH_PATHS = (
					"$(inherited)",
					"@executable_path/Frameworks",
					"@loader_path/Frameworks",
				);
				PRODUCT_BUNDLE_IDENTIFIER = io.wiffy.GachonNotiUITests;
				PRODUCT_NAME = "$(TARGET_NAME)";
				SWIFT_VERSION = 5.0;
				TARGETED_DEVICE_FAMILY = "1,2";
				TEST_TARGET_NAME = GachonNoti;
			};
			name = Release;
		};
/* End XCBuildConfiguration section */

/* Begin XCConfigurationList section */
		CEFB9D7D22BF899000D685DC /* Build configuration list for PBXProject "GachonNoti" */ = {
			isa = XCConfigurationList;
			buildConfigurations = (
				CEFB9DAA22BF899400D685DC /* Debug */,
				CEFB9DAB22BF899400D685DC /* Release */,
			);
			defaultConfigurationIsVisible = 0;
			defaultConfigurationName = Release;
		};
		CEFB9DAC22BF899400D685DC /* Build configuration list for PBXNativeTarget "GachonNoti" */ = {
			isa = XCConfigurationList;
			buildConfigurations = (
				CEFB9DAD22BF899400D685DC /* Debug */,
				CEFB9DAE22BF899400D685DC /* Release */,
			);
			defaultConfigurationIsVisible = 0;
			defaultConfigurationName = Release;
		};
		CEFB9DAF22BF899400D685DC /* Build configuration list for PBXNativeTarget "GachonNotiTests" */ = {
			isa = XCConfigurationList;
			buildConfigurations = (
				CEFB9DB022BF899400D685DC /* Debug */,
				CEFB9DB122BF899400D685DC /* Release */,
			);
			defaultConfigurationIsVisible = 0;
			defaultConfigurationName = Release;
		};
		CEFB9DB222BF899400D685DC /* Build configuration list for PBXNativeTarget "GachonNotiUITests" */ = {
			isa = XCConfigurationList;
			buildConfigurations = (
				CEFB9DB322BF899400D685DC /* Debug */,
				CEFB9DB422BF899400D685DC /* Release */,
			);
			defaultConfigurationIsVisible = 0;
			defaultConfigurationName = Release;
		};
/* End XCConfigurationList section */
	};
	rootObject = CEFB9D7A22BF899000D685DC /* Project object */;
}
